
Microsoft Visual Studio Solution File, Format Version 12.00
# Visual Studio Version 16
VisualStudioVersion = 16.0.29709.97
MinimumVisualStudioVersion = 10.0.40219.1
Project("{FAE04EC0-301F-11D3-BF4B-00C04F79EFBC}") = "PornhubPhotoDownloader", "PornhubPhotoDownloader.csproj", "{B9484BDC-149C-4580-8667-108EFF103CFF}"
EndProject
Global
	GlobalSection(SolutionConfigurationPlatforms) = preSolution
		Debug|Any CPU = Debug|Any CPU
		Debug-TestArgs|Any CPU = Debug-TestArgs|Any CPU
		Release|Any CPU = Release|Any CPU
	EndGlobalSection
	GlobalSection(ProjectConfigurationPlatforms) = postSolution
		{B9484BDC-149C-4580-8667-108EFF103CFF}.Debug|Any CPU.ActiveCfg = Debug|Any CPU
		{B9484BDC-149C-4580-8667-108EFF103CFF}.Debug|Any CPU.Build.0 = Debug|Any CPU
		{B9484BDC-149C-4580-8667-108EFF103CFF}.Debug-TestArgs|Any CPU.ActiveCfg = Debug-TestArgs|Any CPU
		{B9484BDC-149C-4580-8667-108EFF103CFF}.Debug-TestArgs|Any CPU.Build.0 = Debug-TestArgs|Any CPU
		{B9484BDC-149C-4580-8667-108EFF103CFF}.Release|Any CPU.ActiveCfg = Release|Any CPU
		{B9484BDC-149C-4580-8667-108EFF103CFF}.Release|Any CPU.Build.0 = Release|Any CPU
	EndGlobalSection
	GlobalSection(SolutionProperties) = preSolution
		HideSolutionNode = FALSE
	EndGlobalSection
	GlobalSection(ExtensibilityGlobals) = postSolution
		SolutionGuid = {248EFE92-A5B0-451D-8C26-35A20BFE6D2F}
	EndGlobalSection
EndGlobal
